
Microsoft Visual Studio Solution File, Format Version 12.00
# Visual Studio Version 16
VisualStudioVersion = 16.0.31727.386
MinimumVisualStudioVersion = 10.0.40219.1
Project("{FAE04EC0-301F-11D3-BF4B-00C04F79EFBC}") = "MortgageEligibilityChecker", "MortgageEligibilityChecker\MortgageEligibilityChecker.csproj", "{B4535C84-C7F7-4CD7-A500-796D2DF99110}"
EndProject
Project("{FAE04EC0-301F-11D3-BF4B-00C04F79EFBC}") = "MortgageEligibilityCheckerUnitTests", "MortgageEligibilityCheckerUnitTests\MortgageEligibilityCheckerUnitTests.csproj", "{E8D8FC41-6AD7-47E6-9635-6C58BACDEE10}"
EndProject
Global
	GlobalSection(SolutionConfigurationPlatforms) = preSolution
		Debug|Any CPU = Debug|Any CPU
		Release|Any CPU = Release|Any CPU
	EndGlobalSection
	GlobalSection(ProjectConfigurationPlatforms) = postSolution
		{B4535C84-C7F7-4CD7-A500-796D2DF99110}.Debug|Any CPU.ActiveCfg = Debug|Any CPU
		{B4535C84-C7F7-4CD7-A500-796D2DF99110}.Debug|Any CPU.Build.0 = Debug|Any CPU
		{B4535C84-C7F7-4CD7-A500-796D2DF99110}.Release|Any CPU.ActiveCfg = Release|Any CPU
		{B4535C84-C7F7-4CD7-A500-796D2DF99110}.Release|Any CPU.Build.0 = Release|Any CPU
		{E8D8FC41-6AD7-47E6-9635-6C58BACDEE10}.Debug|Any CPU.ActiveCfg = Debug|Any CPU
		{E8D8FC41-6AD7-47E6-9635-6C58BACDEE10}.Debug|Any CPU.Build.0 = Debug|Any CPU
		{E8D8FC41-6AD7-47E6-9635-6C58BACDEE10}.Release|Any CPU.ActiveCfg = Release|Any CPU
		{E8D8FC41-6AD7-47E6-9635-6C58BACDEE10}.Release|Any CPU.Build.0 = Release|Any CPU
	EndGlobalSection
	GlobalSection(SolutionProperties) = preSolution
		HideSolutionNode = FALSE
	EndGlobalSection
	GlobalSection(ExtensibilityGlobals) = postSolution
		SolutionGuid = {2F3F6E36-BADC-44A2-91DB-3A2A34981AA8}
	EndGlobalSection
EndGlobal
